
Microsoft Visual Studio Solution File, Format Version 12.00
# Visual Studio Version 16
VisualStudioVersion = 25.0.1706.9
MinimumVisualStudioVersion = 10.0.40219.1
Project("{FAE04EC0-301F-11D3-BF4B-00C04F79EFBC}") = "MovieTutorial.Web", "MovieTutorial.Web.csproj", "{EB92E460-A713-4611-9B52-2BBA77D012D3}"
EndProject
Global
	GlobalSection(SolutionConfigurationPlatforms) = preSolution
		Debug|Any CPU = Debug|Any CPU
		Release|Any CPU = Release|Any CPU
	EndGlobalSection
	GlobalSection(ProjectConfigurationPlatforms) = postSolution
		{EB92E460-A713-4611-9B52-2BBA77D012D3}.Debug|Any CPU.ActiveCfg = Debug|Any CPU
		{EB92E460-A713-4611-9B52-2BBA77D012D3}.Debug|Any CPU.Build.0 = Debug|Any CPU
		{EB92E460-A713-4611-9B52-2BBA77D012D3}.Release|Any CPU.ActiveCfg = Release|Any CPU
		{EB92E460-A713-4611-9B52-2BBA77D012D3}.Release|Any CPU.Build.0 = Release|Any CPU
	EndGlobalSection
	GlobalSection(SolutionProperties) = preSolution
		HideSolutionNode = FALSE
	EndGlobalSection
	GlobalSection(ExtensibilityGlobals) = postSolution
		SolutionGuid = {2674515A-27F5-4406-833A-531043A9C403}
	EndGlobalSection
EndGlobal
